
Microsoft Visual Studio Solution File, Format Version 12.00
# Visual Studio 14
VisualStudioVersion = 14.0.24720.0
MinimumVisualStudioVersion = 10.0.40219.1
Project("{2150E333-8FDC-42A3-9474-1A3956D46DE8}") = "Server", "Server", "{4E4B8261-BD52-405C-BD40-0F3D2A932286}"
EndProject
Project("{FAE04EC0-301F-11D3-BF4B-00C04F79EFBC}") = "ZInternetRouter.Server.Core", "ZInternetRouter.Server.Core\ZInternetRouter.Server.Core.csproj", "{D0F82001-0246-4680-BFC6-E47F538DBEA9}"
EndProject
Project("{FAE04EC0-301F-11D3-BF4B-00C04F79EFBC}") = "ZInternetRouter.Server.CLIHost", "ZInternetRouter.Server.CLIHost\ZInternetRouter.Server.CLIHost.csproj", "{BE7ECCD2-D05C-4614-8668-7628005ED03A}"
EndProject
Global
	GlobalSection(SolutionConfigurationPlatforms) = preSolution
		Debug|Any CPU = Debug|Any CPU
		Release|Any CPU = Release|Any CPU
	EndGlobalSection
	GlobalSection(ProjectConfigurationPlatforms) = postSolution
		{D0F82001-0246-4680-BFC6-E47F538DBEA9}.Debug|Any CPU.ActiveCfg = Debug|Any CPU
		{D0F82001-0246-4680-BFC6-E47F538DBEA9}.Debug|Any CPU.Build.0 = Debug|Any CPU
		{D0F82001-0246-4680-BFC6-E47F538DBEA9}.Release|Any CPU.ActiveCfg = Release|Any CPU
		{D0F82001-0246-4680-BFC6-E47F538DBEA9}.Release|Any CPU.Build.0 = Release|Any CPU
		{BE7ECCD2-D05C-4614-8668-7628005ED03A}.Debug|Any CPU.ActiveCfg = Debug|Any CPU
		{BE7ECCD2-D05C-4614-8668-7628005ED03A}.Debug|Any CPU.Build.0 = Debug|Any CPU
		{BE7ECCD2-D05C-4614-8668-7628005ED03A}.Release|Any CPU.ActiveCfg = Release|Any CPU
		{BE7ECCD2-D05C-4614-8668-7628005ED03A}.Release|Any CPU.Build.0 = Release|Any CPU
	EndGlobalSection
	GlobalSection(SolutionProperties) = preSolution
		HideSolutionNode = FALSE
	EndGlobalSection
	GlobalSection(NestedProjects) = preSolution
		{D0F82001-0246-4680-BFC6-E47F538DBEA9} = {4E4B8261-BD52-405C-BD40-0F3D2A932286}
		{BE7ECCD2-D05C-4614-8668-7628005ED03A} = {4E4B8261-BD52-405C-BD40-0F3D2A932286}
	EndGlobalSection
EndGlobal
